
Microsoft Visual Studio Solution File, Format Version 12.00
# Visual Studio 15
VisualStudioVersion = 15.0.26430.16
MinimumVisualStudioVersion = 10.0.40219.1
Project("{FAE04EC0-301F-11D3-BF4B-00C04F79EFBC}") = "ForeignExchangeWin.Android", "ForeignExchangeWin\ForeignExchangeWin.Android\ForeignExchangeWin.Android.csproj", "{0F30B95B-ACED-49E2-9040-8CD981490E0E}"
EndProject
Project("{FAE04EC0-301F-11D3-BF4B-00C04F79EFBC}") = "ForeignExchangeWin", "ForeignExchangeWin\ForeignExchangeWin\ForeignExchangeWin.csproj", "{92231038-4F78-4D01-ADFD-5E1546AC0629}"
EndProject
Project("{FAE04EC0-301F-11D3-BF4B-00C04F79EFBC}") = "ForeignExchangeWin.UWP", "ForeignExchangeWin\ForeignExchangeWin.UWP\ForeignExchangeWin.UWP.csproj", "{4A092A96-E98E-44CE-A718-B0235A91B8D0}"
EndProject
Project("{FAE04EC0-301F-11D3-BF4B-00C04F79EFBC}") = "ForeignExchangeWin.iOS", "ForeignExchangeWin\ForeignExchangeWin.iOS\ForeignExchangeWin.iOS.csproj", "{7CFC7B4C-AA1F-41F6-ACF3-B5A9B56917EB}"
EndProject
Global
	GlobalSection(SolutionConfigurationPlatforms) = preSolution
		Ad-Hoc|Any CPU = Ad-Hoc|Any CPU
		Ad-Hoc|ARM = Ad-Hoc|ARM
		Ad-Hoc|iPhone = Ad-Hoc|iPhone
		Ad-Hoc|iPhoneSimulator = Ad-Hoc|iPhoneSimulator
		Ad-Hoc|x64 = Ad-Hoc|x64
		Ad-Hoc|x86 = Ad-Hoc|x86
		AppStore|Any CPU = AppStore|Any CPU
		AppStore|ARM = AppStore|ARM
		AppStore|iPhone = AppStore|iPhone
		AppStore|iPhoneSimulator = AppStore|iPhoneSimulator
		AppStore|x64 = AppStore|x64
		AppStore|x86 = AppStore|x86
		Debug|Any CPU = Debug|Any CPU
		Debug|ARM = Debug|ARM
		Debug|iPhone = Debug|iPhone
		Debug|iPhoneSimulator = Debug|iPhoneSimulator
		Debug|x64 = Debug|x64
		Debug|x86 = Debug|x86
		Release|Any CPU = Release|Any CPU
		Release|ARM = Release|ARM
		Release|iPhone = Release|iPhone
		Release|iPhoneSimulator = Release|iPhoneSimulator
		Release|x64 = Release|x64
		Release|x86 = Release|x86
	EndGlobalSection
	GlobalSection(ProjectConfigurationPlatforms) = postSolution
		{0F30B95B-ACED-49E2-9040-8CD981490E0E}.Ad-Hoc|Any CPU.ActiveCfg = Release|Any CPU
		{0F30B95B-ACED-49E2-9040-8CD981490E0E}.Ad-Hoc|Any CPU.Build.0 = Release|Any CPU
		{0F30B95B-ACED-49E2-9040-8CD981490E0E}.Ad-Hoc|Any CPU.Deploy.0 = Release|Any CPU
		{0F30B95B-ACED-49E2-9040-8CD981490E0E}.Ad-Hoc|ARM.ActiveCfg = Release|Any CPU
		{0F30B95B-ACED-49E2-9040-8CD981490E0E}.Ad-Hoc|ARM.Build.0 = Release|Any CPU
		{0F30B95B-ACED-49E2-9040-8CD981490E0E}.Ad-Hoc|ARM.Deploy.0 = Release|Any CPU
		{0F30B95B-ACED-49E2-9040-8CD981490E0E}.Ad-Hoc|iPhone.ActiveCfg = Release|Any CPU
		{0F30B95B-ACED-49E2-9040-8CD981490E0E}.Ad-Hoc|iPhone.Build.0 = Release|Any CPU
		{0F30B95B-ACED-49E2-9040-8CD981490E0E}.Ad-Hoc|iPhone.Deploy.0 = Release|Any CPU
		{0F30B95B-ACED-49E2-9040-8CD981490E0E}.Ad-Hoc|iPhoneSimulator.ActiveCfg = Release|Any CPU
		{0F30B95B-ACED-49E2-9040-8CD981490E0E}.Ad-Hoc|iPhoneSimulator.Build.0 = Release|Any CPU
		{0F30B95B-ACED-49E2-9040-8CD981490E0E}.Ad-Hoc|iPhoneSimulator.Deploy.0 = Release|Any CPU
		{0F30B95B-ACED-49E2-9040-8CD981490E0E}.Ad-Hoc|x64.ActiveCfg = Release|Any CPU
		{0F30B95B-ACED-49E2-9040-8CD981490E0E}.Ad-Hoc|x64.Build.0 = Release|Any CPU
		{0F30B95B-ACED-49E2-9040-8CD981490E0E}.Ad-Hoc|x64.Deploy.0 = Release|Any CPU
		{0F30B95B-ACED-49E2-9040-8CD981490E0E}.Ad-Hoc|x86.ActiveCfg = Release|Any CPU
		{0F30B95B-ACED-49E2-9040-8CD981490E0E}.Ad-Hoc|x86.Build.0 = Release|Any CPU
		{0F30B95B-ACED-49E2-9040-8CD981490E0E}.Ad-Hoc|x86.Deploy.0 = Release|Any CPU
		{0F30B95B-ACED-49E2-9040-8CD981490E0E}.AppStore|Any CPU.ActiveCfg = Release|Any CPU
		{0F30B95B-ACED-49E2-9040-8CD981490E0E}.AppStore|Any CPU.Build.0 = Release|Any CPU
		{0F30B95B-ACED-49E2-9040-8CD981490E0E}.AppStore|Any CPU.Deploy.0 = Release|Any CPU
		{0F30B95B-ACED-49E2-9040-8CD981490E0E}.AppStore|ARM.ActiveCfg = Release|Any CPU
		{0F30B95B-ACED-49E2-9040-8CD981490E0E}.AppStore|ARM.Build.0 = Release|Any CPU
		{0F30B95B-ACED-49E2-9040-8CD981490E0E}.AppStore|ARM.Deploy.0 = Release|Any CPU
		{0F30B95B-ACED-49E2-9040-8CD981490E0E}.AppStore|iPhone.ActiveCfg = Release|Any CPU
		{0F30B95B-ACED-49E2-9040-8CD981490E0E}.AppStore|iPhone.Build.0 = Release|Any CPU
		{0F30B95B-ACED-49E2-9040-8CD981490E0E}.AppStore|iPhone.Deploy.0 = Release|Any CPU
		{0F30B95B-ACED-49E2-9040-8CD981490E0E}.AppStore|iPhoneSimulator.ActiveCfg = Release|Any CPU
		{0F30B95B-ACED-49E2-9040-8CD981490E0E}.AppStore|iPhoneSimulator.Build.0 = Release|Any CPU
		{0F30B95B-ACED-49E2-9040-8CD981490E0E}.AppStore|iPhoneSimulator.Deploy.0 = Release|Any CPU
		{0F30B95B-ACED-49E2-9040-8CD981490E0E}.AppStore|x64.ActiveCfg = Release|Any CPU
		{0F30B95B-ACED-49E2-9040-8CD981490E0E}.AppStore|x64.Build.0 = Release|Any CPU
		{0F30B95B-ACED-49E2-9040-8CD981490E0E}.AppStore|x64.Deploy.0 = Release|Any CPU
		{0F30B95B-ACED-49E2-9040-8CD981490E0E}.AppStore|x86.ActiveCfg = Release|Any CPU
		{0F30B95B-ACED-49E2-9040-8CD981490E0E}.AppStore|x86.Build.0 = Release|Any CPU
		{0F30B95B-ACED-49E2-9040-8CD981490E0E}.AppStore|x86.Deploy.0 = Release|Any CPU
		{0F30B95B-ACED-49E2-9040-8CD981490E0E}.Debug|Any CPU.ActiveCfg = Debug|Any CPU
		{0F30B95B-ACED-49E2-9040-8CD981490E0E}.Debug|Any CPU.Build.0 = Debug|Any CPU
		{0F30B95B-ACED-49E2-9040-8CD981490E0E}.Debug|Any CPU.Deploy.0 = Debug|Any CPU
		{0F30B95B-ACED-49E2-9040-8CD981490E0E}.Debug|ARM.ActiveCfg = Debug|Any CPU
		{0F30B95B-ACED-49E2-9040-8CD981490E0E}.Debug|ARM.Build.0 = Debug|Any CPU
		{0F30B95B-ACED-49E2-9040-8CD981490E0E}.Debug|ARM.Deploy.0 = Debug|Any CPU
		{0F30B95B-ACED-49E2-9040-8CD981490E0E}.Debug|iPhone.ActiveCfg = Debug|Any CPU
		{0F30B95B-ACED-49E2-9040-8CD981490E0E}.Debug|iPhone.Build.0 = Debug|Any CPU
		{0F30B95B-ACED-49E2-9040-8CD981490E0E}.Debug|iPhone.Deploy.0 = Debug|Any CPU
		{0F30B95B-ACED-49E2-9040-8CD981490E0E}.Debug|iPhoneSimulator.ActiveCfg = Debug|Any CPU
		{0F30B95B-ACED-49E2-9040-8CD981490E0E}.Debug|iPhoneSimulator.Build.0 = Debug|Any CPU
		{0F30B95B-ACED-49E2-9040-8CD981490E0E}.Debug|iPhoneSimulator.Deploy.0 = Debug|Any CPU
		{0F30B95B-ACED-49E2-9040-8CD981490E0E}.Debug|x64.ActiveCfg = Debug|Any CPU
		{0F30B95B-ACED-49E2-9040-8CD981490E0E}.Debug|x64.Build.0 = Debug|Any CPU
		{0F30B95B-ACED-49E2-9040-8CD981490E0E}.Debug|x64.Deploy.0 = Debug|Any CPU
		{0F30B95B-ACED-49E2-9040-8CD981490E0E}.Debug|x86.ActiveCfg = Debug|Any CPU
		{0F30B95B-ACED-49E2-9040-8CD981490E0E}.Debug|x86.Build.0 = Debug|Any CPU
		{0F30B95B-ACED-49E2-9040-8CD981490E0E}.Debug|x86.Deploy.0 = Debug|Any CPU
		{0F30B95B-ACED-49E2-9040-8CD981490E0E}.Release|Any CPU.ActiveCfg = Release|Any CPU
		{0F30B95B-ACED-49E2-9040-8CD981490E0E}.Release|Any CPU.Build.0 = Release|Any CPU
		{0F30B95B-ACED-49E2-9040-8CD981490E0E}.Release|Any CPU.Deploy.0 = Release|Any CPU
		{0F30B95B-ACED-49E2-9040-8CD981490E0E}.Release|ARM.ActiveCfg = Release|Any CPU
		{0F30B95B-ACED-49E2-9040-8CD981490E0E}.Release|ARM.Build.0 = Release|Any CPU
		{0F30B95B-ACED-49E2-9040-8CD981490E0E}.Release|ARM.Deploy.0 = Release|Any CPU
		{0F30B95B-ACED-49E2-9040-8CD981490E0E}.Release|iPhone.ActiveCfg = Release|Any CPU
		{0F30B95B-ACED-49E2-9040-8CD981490E0E}.Release|iPhone.Build.0 = Release|Any CPU
		{0F30B95B-ACED-49E2-9040-8CD981490E0E}.Release|iPhone.Deploy.0 = Release|Any CPU
		{0F30B95B-ACED-49E2-9040-8CD981490E0E}.Release|iPhoneSimulator.ActiveCfg = Release|Any CPU
		{0F30B95B-ACED-49E2-9040-8CD981490E0E}.Release|iPhoneSimulator.Build.0 = Release|Any CPU
		{0F30B95B-ACED-49E2-9040-8CD981490E0E}.Release|iPhoneSimulator.Deploy.0 = Release|Any CPU
		{0F30B95B-ACED-49E2-9040-8CD981490E0E}.Release|x64.ActiveCfg = Release|Any CPU
		{0F30B95B-ACED-49E2-9040-8CD981490E0E}.Release|x64.Build.0 = Release|Any CPU
		{0F30B95B-ACED-49E2-9040-8CD981490E0E}.Release|x64.Deploy.0 = Release|Any CPU
		{0F30B95B-ACED-49E2-9040-8CD981490E0E}.Release|x86.ActiveCfg = Release|Any CPU
		{0F30B95B-ACED-49E2-9040-8CD981490E0E}.Release|x86.Build.0 = Release|Any CPU
		{0F30B95B-ACED-49E2-9040-8CD981490E0E}.Release|x86.Deploy.0 = Release|Any CPU
		{92231038-4F78-4D01-ADFD-5E1546AC0629}.Ad-Hoc|Any CPU.ActiveCfg = Release|Any CPU
		{92231038-4F78-4D01-ADFD-5E1546AC0629}.Ad-Hoc|Any CPU.Build.0 = Release|Any CPU
		{92231038-4F78-4D01-ADFD-5E1546AC0629}.Ad-Hoc|ARM.ActiveCfg = Release|Any CPU
		{92231038-4F78-4D01-ADFD-5E1546AC0629}.Ad-Hoc|ARM.Build.0 = Release|Any CPU
		{92231038-4F78-4D01-ADFD-5E1546AC0629}.Ad-Hoc|iPhone.ActiveCfg = Release|Any CPU
		{92231038-4F78-4D01-ADFD-5E1546AC0629}.Ad-Hoc|iPhone.Build.0 = Release|Any CPU
		{92231038-4F78-4D01-ADFD-5E1546AC0629}.Ad-Hoc|iPhoneSimulator.ActiveCfg = Release|Any CPU
		{92231038-4F78-4D01-ADFD-5E1546AC0629}.Ad-Hoc|iPhoneSimulator.Build.0 = Release|Any CPU
		{92231038-4F78-4D01-ADFD-5E1546AC0629}.Ad-Hoc|x64.ActiveCfg = Release|Any CPU
		{92231038-4F78-4D01-ADFD-5E1546AC0629}.Ad-Hoc|x64.Build.0 = Release|Any CPU
		{92231038-4F78-4D01-ADFD-5E1546AC0629}.Ad-Hoc|x86.ActiveCfg = Release|Any CPU
		{92231038-4F78-4D01-ADFD-5E1546AC0629}.Ad-Hoc|x86.Build.0 = Release|Any CPU
		{92231038-4F78-4D01-ADFD-5E1546AC0629}.AppStore|Any CPU.ActiveCfg = Release|Any CPU
		{92231038-4F78-4D01-ADFD-5E1546AC0629}.AppStore|Any CPU.Build.0 = Release|Any CPU
		{92231038-4F78-4D01-ADFD-5E1546AC0629}.AppStore|ARM.ActiveCfg = Release|Any CPU
		{92231038-4F78-4D01-ADFD-5E1546AC0629}.AppStore|ARM.Build.0 = Release|Any CPU
		{92231038-4F78-4D01-ADFD-5E1546AC0629}.AppStore|iPhone.ActiveCfg = Release|Any CPU
		{92231038-4F78-4D01-ADFD-5E1546AC0629}.AppStore|iPhone.Build.0 = Release|Any CPU
		{92231038-4F78-4D01-ADFD-5E1546AC0629}.AppStore|iPhoneSimulator.ActiveCfg = Release|Any CPU
		{92231038-4F78-4D01-ADFD-5E1546AC0629}.AppStore|iPhoneSimulator.Build.0 = Release|Any CPU
		{92231038-4F78-4D01-ADFD-5E1546AC0629}.AppStore|x64.ActiveCfg = Release|Any CPU
		{92231038-4F78-4D01-ADFD-5E1546AC0629}.AppStore|x64.Build.0 = Release|Any CPU
		{92231038-4F78-4D01-ADFD-5E1546AC0629}.AppStore|x86.ActiveCfg = Release|Any CPU
		{92231038-4F78-4D01-ADFD-5E1546AC0629}.AppStore|x86.Build.0 = Release|Any CPU
		{92231038-4F78-4D01-ADFD-5E1546AC0629}.Debug|Any CPU.ActiveCfg = Debug|Any CPU
		{92231038-4F78-4D01-ADFD-5E1546AC0629}.Debug|Any CPU.Build.0 = Debug|Any CPU
		{92231038-4F78-4D01-ADFD-5E1546AC0629}.Debug|ARM.ActiveCfg = Debug|Any CPU
		{92231038-4F78-4D01-ADFD-5E1546AC0629}.Debug|ARM.Build.0 = Debug|Any CPU
		{92231038-4F78-4D01-ADFD-5E1546AC0629}.Debug|iPhone.ActiveCfg = Debug|Any CPU
		{92231038-4F78-4D01-ADFD-5E1546AC0629}.Debug|iPhone.Build.0 = Debug|Any CPU
		{92231038-4F78-4D01-ADFD-5E1546AC0629}.Debug|iPhoneSimulator.ActiveCfg = Debug|Any CPU
		{92231038-4F78-4D01-ADFD-5E1546AC0629}.Debug|iPhoneSimulator.Build.0 = Debug|Any CPU
		{92231038-4F78-4D01-ADFD-5E1546AC0629}.Debug|x64.ActiveCfg = Debug|Any CPU
		{92231038-4F78-4D01-ADFD-5E1546AC0629}.Debug|x64.Build.0 = Debug|Any CPU
		{92231038-4F78-4D01-ADFD-5E1546AC0629}.Debug|x86.ActiveCfg = Debug|Any CPU
		{92231038-4F78-4D01-ADFD-5E1546AC0629}.Debug|x86.Build.0 = Debug|Any CPU
		{92231038-4F78-4D01-ADFD-5E1546AC0629}.Release|Any CPU.ActiveCfg = Release|Any CPU
		{92231038-4F78-4D01-ADFD-5E1546AC0629}.Release|Any CPU.Build.0 = Release|Any CPU
		{92231038-4F78-4D01-ADFD-5E1546AC0629}.Release|ARM.ActiveCfg = Release|Any CPU
		{92231038-4F78-4D01-ADFD-5E1546AC0629}.Release|ARM.Build.0 = Release|Any CPU
		{92231038-4F78-4D01-ADFD-5E1546AC0629}.Release|iPhone.ActiveCfg = Release|Any CPU
		{92231038-4F78-4D01-ADFD-5E1546AC0629}.Release|iPhone.Build.0 = Release|Any CPU
		{92231038-4F78-4D01-ADFD-5E1546AC0629}.Release|iPhoneSimulator.ActiveCfg = Release|Any CPU
		{92231038-4F78-4D01-ADFD-5E1546AC0629}.Release|iPhoneSimulator.Build.0 = Release|Any CPU
		{92231038-4F78-4D01-ADFD-5E1546AC0629}.Release|x64.ActiveCfg = Release|Any CPU
		{92231038-4F78-4D01-ADFD-5E1546AC0629}.Release|x64.Build.0 = Release|Any CPU
		{92231038-4F78-4D01-ADFD-5E1546AC0629}.Release|x86.ActiveCfg = Release|Any CPU
		{92231038-4F78-4D01-ADFD-5E1546AC0629}.Release|x86.Build.0 = Release|Any CPU
		{4A092A96-E98E-44CE-A718-B0235A91B8D0}.Ad-Hoc|Any CPU.ActiveCfg = Release|x86
		{4A092A96-E98E-44CE-A718-B0235A91B8D0}.Ad-Hoc|Any CPU.Build.0 = Release|x86
		{4A092A96-E98E-44CE-A718-B0235A91B8D0}.Ad-Hoc|Any CPU.Deploy.0 = Release|x86
		{4A092A96-E98E-44CE-A718-B0235A91B8D0}.Ad-Hoc|ARM.ActiveCfg = Release|ARM
		{4A092A96-E98E-44CE-A718-B0235A91B8D0}.Ad-Hoc|ARM.Build.0 = Release|ARM
		{4A092A96-E98E-44CE-A718-B0235A91B8D0}.Ad-Hoc|ARM.Deploy.0 = Release|ARM
		{4A092A96-E98E-44CE-A718-B0235A91B8D0}.Ad-Hoc|iPhone.ActiveCfg = Release|x86
		{4A092A96-E98E-44CE-A718-B0235A91B8D0}.Ad-Hoc|iPhone.Build.0 = Release|x86
		{4A092A96-E98E-44CE-A718-B0235A91B8D0}.Ad-Hoc|iPhone.Deploy.0 = Release|x86
		{4A092A96-E98E-44CE-A718-B0235A91B8D0}.Ad-Hoc|iPhoneSimulator.ActiveCfg = Release|x86
		{4A092A96-E98E-44CE-A718-B0235A91B8D0}.Ad-Hoc|iPhoneSimulator.Build.0 = Release|x86
		{4A092A96-E98E-44CE-A718-B0235A91B8D0}.Ad-Hoc|iPhoneSimulator.Deploy.0 = Release|x86
		{4A092A96-E98E-44CE-A718-B0235A91B8D0}.Ad-Hoc|x64.ActiveCfg = Release|x64
		{4A092A96-E98E-44CE-A718-B0235A91B8D0}.Ad-Hoc|x64.Build.0 = Release|x64
		{4A092A96-E98E-44CE-A718-B0235A91B8D0}.Ad-Hoc|x64.Deploy.0 = Release|x64
		{4A092A96-E98E-44CE-A718-B0235A91B8D0}.Ad-Hoc|x86.ActiveCfg = Release|x86
		{4A092A96-E98E-44CE-A718-B0235A91B8D0}.Ad-Hoc|x86.Build.0 = Release|x86
		{4A092A96-E98E-44CE-A718-B0235A91B8D0}.Ad-Hoc|x86.Deploy.0 = Release|x86
		{4A092A96-E98E-44CE-A718-B0235A91B8D0}.AppStore|Any CPU.ActiveCfg = Release|x86
		{4A092A96-E98E-44CE-A718-B0235A91B8D0}.AppStore|Any CPU.Build.0 = Release|x86
		{4A092A96-E98E-44CE-A718-B0235A91B8D0}.AppStore|Any CPU.Deploy.0 = Release|x86
		{4A092A96-E98E-44CE-A718-B0235A91B8D0}.AppStore|ARM.ActiveCfg = Release|ARM
		{4A092A96-E98E-44CE-A718-B0235A91B8D0}.AppStore|ARM.Build.0 = Release|ARM
		{4A092A96-E98E-44CE-A718-B0235A91B8D0}.AppStore|ARM.Deploy.0 = Release|ARM
		{4A092A96-E98E-44CE-A718-B0235A91B8D0}.AppStore|iPhone.ActiveCfg = Release|x86
		{4A092A96-E98E-44CE-A718-B0235A91B8D0}.AppStore|iPhone.Build.0 = Release|x86
		{4A092A96-E98E-44CE-A718-B0235A91B8D0}.AppStore|iPhone.Deploy.0 = Release|x86
		{4A092A96-E98E-44CE-A718-B0235A91B8D0}.AppStore|iPhoneSimulator.ActiveCfg = Release|x86
		{4A092A96-E98E-44CE-A718-B0235A91B8D0}.AppStore|iPhoneSimulator.Build.0 = Release|x86
		{4A092A96-E98E-44CE-A718-B0235A91B8D0}.AppStore|iPhoneSimulator.Deploy.0 = Release|x86
		{4A092A96-E98E-44CE-A718-B0235A91B8D0}.AppStore|x64.ActiveCfg = Release|x64
		{4A092A96-E98E-44CE-A718-B0235A91B8D0}.AppStore|x64.Build.0 = Release|x64
		{4A092A96-E98E-44CE-A718-B0235A91B8D0}.AppStore|x64.Deploy.0 = Release|x64
		{4A092A96-E98E-44CE-A718-B0235A91B8D0}.AppStore|x86.ActiveCfg = Release|x86
		{4A092A96-E98E-44CE-A718-B0235A91B8D0}.AppStore|x86.Build.0 = Release|x86
		{4A092A96-E98E-44CE-A718-B0235A91B8D0}.AppStore|x86.Deploy.0 = Release|x86
		{4A092A96-E98E-44CE-A718-B0235A91B8D0}.Debug|Any CPU.ActiveCfg = Debug|x86
		{4A092A96-E98E-44CE-A718-B0235A91B8D0}.Debug|Any CPU.Build.0 = Debug|x86
		{4A092A96-E98E-44CE-A718-B0235A91B8D0}.Debug|Any CPU.Deploy.0 = Debug|x86
		{4A092A96-E98E-44CE-A718-B0235A91B8D0}.Debug|ARM.ActiveCfg = Debug|ARM
		{4A092A96-E98E-44CE-A718-B0235A91B8D0}.Debug|ARM.Build.0 = Debug|ARM
		{4A092A96-E98E-44CE-A718-B0235A91B8D0}.Debug|ARM.Deploy.0 = Debug|ARM
		{4A092A96-E98E-44CE-A718-B0235A91B8D0}.Debug|iPhone.ActiveCfg = Debug|x86
		{4A092A96-E98E-44CE-A718-B0235A91B8D0}.Debug|iPhoneSimulator.ActiveCfg = Debug|x86
		{4A092A96-E98E-44CE-A718-B0235A91B8D0}.Debug|x64.ActiveCfg = Debug|x64
		{4A092A96-E98E-44CE-A718-B0235A91B8D0}.Debug|x64.Build.0 = Debug|x64
		{4A092A96-E98E-44CE-A718-B0235A91B8D0}.Debug|x64.Deploy.0 = Debug|x64
		{4A092A96-E98E-44CE-A718-B0235A91B8D0}.Debug|x86.ActiveCfg = Debug|x86
		{4A092A96-E98E-44CE-A718-B0235A91B8D0}.Debug|x86.Build.0 = Debug|x86
		{4A092A96-E98E-44CE-A718-B0235A91B8D0}.Debug|x86.Deploy.0 = Debug|x86
		{4A092A96-E98E-44CE-A718-B0235A91B8D0}.Release|Any CPU.ActiveCfg = Release|x86
		{4A092A96-E98E-44CE-A718-B0235A91B8D0}.Release|ARM.ActiveCfg = Release|ARM
		{4A092A96-E98E-44CE-A718-B0235A91B8D0}.Release|ARM.Build.0 = Release|ARM
		{4A092A96-E98E-44CE-A718-B0235A91B8D0}.Release|ARM.Deploy.0 = Release|ARM
		{4A092A96-E98E-44CE-A718-B0235A91B8D0}.Release|iPhone.ActiveCfg = Release|x86
		{4A092A96-E98E-44CE-A718-B0235A91B8D0}.Release|iPhoneSimulator.ActiveCfg = Release|x86
		{4A092A96-E98E-44CE-A718-B0235A91B8D0}.Release|x64.ActiveCfg = Release|x64
		{4A092A96-E98E-44CE-A718-B0235A91B8D0}.Release|x64.Build.0 = Release|x64
		{4A092A96-E98E-44CE-A718-B0235A91B8D0}.Release|x64.Deploy.0 = Release|x64
		{4A092A96-E98E-44CE-A718-B0235A91B8D0}.Release|x86.ActiveCfg = Release|x86
		{4A092A96-E98E-44CE-A718-B0235A91B8D0}.Release|x86.Build.0 = Release|x86
		{4A092A96-E98E-44CE-A718-B0235A91B8D0}.Release|x86.Deploy.0 = Release|x86
		{7CFC7B4C-AA1F-41F6-ACF3-B5A9B56917EB}.Ad-Hoc|Any CPU.ActiveCfg = Ad-Hoc|iPhone
		{7CFC7B4C-AA1F-41F6-ACF3-B5A9B56917EB}.Ad-Hoc|ARM.ActiveCfg = Ad-Hoc|iPhone
		{7CFC7B4C-AA1F-41F6-ACF3-B5A9B56917EB}.Ad-Hoc|iPhone.ActiveCfg = Ad-Hoc|iPhone
		{7CFC7B4C-AA1F-41F6-ACF3-B5A9B56917EB}.Ad-Hoc|iPhone.Build.0 = Ad-Hoc|iPhone
		{7CFC7B4C-AA1F-41F6-ACF3-B5A9B56917EB}.Ad-Hoc|iPhoneSimulator.ActiveCfg = Ad-Hoc|iPhoneSimulator
		{7CFC7B4C-AA1F-41F6-ACF3-B5A9B56917EB}.Ad-Hoc|iPhoneSimulator.Build.0 = Ad-Hoc|iPhoneSimulator
		{7CFC7B4C-AA1F-41F6-ACF3-B5A9B56917EB}.Ad-Hoc|x64.ActiveCfg = Ad-Hoc|iPhone
		{7CFC7B4C-AA1F-41F6-ACF3-B5A9B56917EB}.Ad-Hoc|x86.ActiveCfg = Ad-Hoc|iPhone
		{7CFC7B4C-AA1F-41F6-ACF3-B5A9B56917EB}.AppStore|Any CPU.ActiveCfg = AppStore|iPhone
		{7CFC7B4C-AA1F-41F6-ACF3-B5A9B56917EB}.AppStore|ARM.ActiveCfg = AppStore|iPhone
		{7CFC7B4C-AA1F-41F6-ACF3-B5A9B56917EB}.AppStore|iPhone.ActiveCfg = AppStore|iPhone
		{7CFC7B4C-AA1F-41F6-ACF3-B5A9B56917EB}.AppStore|iPhone.Build.0 = AppStore|iPhone
		{7CFC7B4C-AA1F-41F6-ACF3-B5A9B56917EB}.AppStore|iPhoneSimulator.ActiveCfg = AppStore|iPhoneSimulator
		{7CFC7B4C-AA1F-41F6-ACF3-B5A9B56917EB}.AppStore|iPhoneSimulator.Build.0 = AppStore|iPhoneSimulator
		{7CFC7B4C-AA1F-41F6-ACF3-B5A9B56917EB}.AppStore|x64.ActiveCfg = AppStore|iPhone
		{7CFC7B4C-AA1F-41F6-ACF3-B5A9B56917EB}.AppStore|x86.ActiveCfg = AppStore|iPhone
		{7CFC7B4C-AA1F-41F6-ACF3-B5A9B56917EB}.Debug|Any CPU.ActiveCfg = Debug|iPhone
		{7CFC7B4C-AA1F-41F6-ACF3-B5A9B56917EB}.Debug|ARM.ActiveCfg = Debug|iPhone
		{7CFC7B4C-AA1F-41F6-ACF3-B5A9B56917EB}.Debug|iPhone.ActiveCfg = Debug|iPhone
		{7CFC7B4C-AA1F-41F6-ACF3-B5A9B56917EB}.Debug|iPhone.Build.0 = Debug|iPhone
		{7CFC7B4C-AA1F-41F6-ACF3-B5A9B56917EB}.Debug|iPhoneSimulator.ActiveCfg = Debug|iPhoneSimulator
		{7CFC7B4C-AA1F-41F6-ACF3-B5A9B56917EB}.Debug|iPhoneSimulator.Build.0 = Debug|iPhoneSimulator
		{7CFC7B4C-AA1F-41F6-ACF3-B5A9B56917EB}.Debug|x64.ActiveCfg = Debug|iPhone
		{7CFC7B4C-AA1F-41F6-ACF3-B5A9B56917EB}.Debug|x86.ActiveCfg = Debug|iPhone
		{7CFC7B4C-AA1F-41F6-ACF3-B5A9B56917EB}.Release|Any CPU.ActiveCfg = Release|iPhone
		{7CFC7B4C-AA1F-41F6-ACF3-B5A9B56917EB}.Release|ARM.ActiveCfg = Release|iPhone
		{7CFC7B4C-AA1F-41F6-ACF3-B5A9B56917EB}.Release|iPhone.ActiveCfg = Release|iPhone
		{7CFC7B4C-AA1F-41F6-ACF3-B5A9B56917EB}.Release|iPhone.Build.0 = Release|iPhone
		{7CFC7B4C-AA1F-41F6-ACF3-B5A9B56917EB}.Release|iPhoneSimulator.ActiveCfg = Release|iPhoneSimulator
		{7CFC7B4C-AA1F-41F6-ACF3-B5A9B56917EB}.Release|iPhoneSimulator.Build.0 = Release|iPhoneSimulator
		{7CFC7B4C-AA1F-41F6-ACF3-B5A9B56917EB}.Release|x64.ActiveCfg = Release|iPhone
		{7CFC7B4C-AA1F-41F6-ACF3-B5A9B56917EB}.Release|x86.ActiveCfg = Release|iPhone
	EndGlobalSection
	GlobalSection(SolutionProperties) = preSolution
		HideSolutionNode = FALSE
	EndGlobalSection
EndGlobal
